
Microsoft Visual Studio Solution File, Format Version 12.00
# Visual Studio Version 16
VisualStudioVersion = 16.0.31005.135
MinimumVisualStudioVersion = 10.0.40219.1
Project("{FAE04EC0-301F-11D3-BF4B-00C04F79EFBC}") = "AppointmentScheduler", "AppointmentScheduler.csproj", "{DCB3B6AA-FBC1-4790-BB12-A03957577188}"
EndProject
Global
	GlobalSection(SolutionConfigurationPlatforms) = preSolution
		Debug|Any CPU = Debug|Any CPU
		Release|Any CPU = Release|Any CPU
	EndGlobalSection
	GlobalSection(ProjectConfigurationPlatforms) = postSolution
		{DCB3B6AA-FBC1-4790-BB12-A03957577188}.Debug|Any CPU.ActiveCfg = Debug|Any CPU
		{DCB3B6AA-FBC1-4790-BB12-A03957577188}.Debug|Any CPU.Build.0 = Debug|Any CPU
		{DCB3B6AA-FBC1-4790-BB12-A03957577188}.Release|Any CPU.ActiveCfg = Release|Any CPU
		{DCB3B6AA-FBC1-4790-BB12-A03957577188}.Release|Any CPU.Build.0 = Release|Any CPU
	EndGlobalSection
	GlobalSection(SolutionProperties) = preSolution
		HideSolutionNode = FALSE
	EndGlobalSection
	GlobalSection(ExtensibilityGlobals) = postSolution
		SolutionGuid = {9BF2F0C7-8DA7-4C42-8350-C2F0CE06BF22}
	EndGlobalSection
EndGlobal
